PODS:
  - Analytics (3.5.3)
  - Appboy-iOS-SDK (3.3.1):
    - Appboy-iOS-SDK/UI (= 3.3.1)
  - Appboy-iOS-SDK/Core (3.3.1)
  - Appboy-iOS-SDK/Feedback (3.3.1):
    - Appboy-iOS-SDK/Core
  - Appboy-iOS-SDK/InAppMessage (3.3.1):
    - Appboy-iOS-SDK/Core
    - SDWebImage/GIF (~> 4.0)
  - Appboy-iOS-SDK/UI (3.3.1):
    - Appboy-iOS-SDK/Core
    - Appboy-iOS-SDK/Feedback
    - Appboy-iOS-SDK/InAppMessage
  - FLAnimatedImage (1.0.12)
  - SDWebImage/Core (4.2.3)
  - SDWebImage/GIF (4.2.3):
    - FLAnimatedImage (~> 1.0)
    - SDWebImage/Core
  - Segment-Appboy (2.0.1):
    - Analytics (~> 3.0)
    - Appboy-iOS-SDK

DEPENDENCIES:
  - Analytics (~> 3.0)
  - Segment-Appboy

SPEC REPOS:
  https://github.com/cocoapods/specs.git:
    - Analytics
    - Appboy-iOS-SDK
    - FLAnimatedImage
    - SDWebImage
    - Segment-Appboy

SPEC CHECKSUMS:
  Analytics: e9f07fe57d1d5d14c47e72e719d1f30c6d0ec548
  Appboy-iOS-SDK: b723369487a4f0a9c9d73655697854a19ee30814
  FLAnimatedImage: 4a0b56255d9b05f18b6dd7ee06871be5d3b89e31
  SDWebImage: 791bb72962b3492327ddcac4b1880bd1b5458431
  Segment-Appboy: e9903bd39d52ea41c882b0b13ab8624eaf84b8c8

PODFILE CHECKSUM: 1d9d0718ba9bae1d0dd0de86770ddb9b9401462a

COCOAPODS: 1.5.3
